
Microsoft Visual Studio Solution File, Format Version 12.00
# Visual Studio Version 16
VisualStudioVersion = 16.0.30320.27
MinimumVisualStudioVersion = 10.0.40219.1
Project("{FAE04EC0-301F-11D3-BF4B-00C04F79EFBC}") = "xam-eqpt-cico.Android", "xam-eqpt-cico\xam-eqpt-cico.Android\xam-eqpt-cico.Android.csproj", "{F27D47DE-7B52-4470-8D32-A484450607F1}"
EndProject
Project("{9A19103F-16F7-4668-BE54-9A1E7A4F7556}") = "xam-eqpt-cico", "xam-eqpt-cico\xam-eqpt-cico\xam-eqpt-cico.csproj", "{BE8D9BD7-48D4-49CE-B48D-E53FBD72F23F}"
EndProject
Global
	GlobalSection(SolutionConfigurationPlatforms) = preSolution
		Debug|Any CPU = Debug|Any CPU
		Debug|iPhone = Debug|iPhone
		Debug|iPhoneSimulator = Debug|iPhoneSimulator
		Release|Any CPU = Release|Any CPU
		Release|iPhone = Release|iPhone
		Release|iPhoneSimulator = Release|iPhoneSimulator
	EndGlobalSection
	GlobalSection(ProjectConfigurationPlatforms) = postSolution
		{F27D47DE-7B52-4470-8D32-A484450607F1}.Debug|Any CPU.ActiveCfg = Debug|Any CPU
		{F27D47DE-7B52-4470-8D32-A484450607F1}.Debug|Any CPU.Build.0 = Debug|Any CPU
		{F27D47DE-7B52-4470-8D32-A484450607F1}.Debug|Any CPU.Deploy.0 = Debug|Any CPU
		{F27D47DE-7B52-4470-8D32-A484450607F1}.Debug|iPhone.ActiveCfg = Debug|Any CPU
		{F27D47DE-7B52-4470-8D32-A484450607F1}.Debug|iPhone.Build.0 = Debug|Any CPU
		{F27D47DE-7B52-4470-8D32-A484450607F1}.Debug|iPhone.Deploy.0 = Debug|Any CPU
		{F27D47DE-7B52-4470-8D32-A484450607F1}.Debug|iPhoneSimulator.ActiveCfg = Debug|Any CPU
		{F27D47DE-7B52-4470-8D32-A484450607F1}.Debug|iPhoneSimulator.Build.0 = Debug|Any CPU
		{F27D47DE-7B52-4470-8D32-A484450607F1}.Debug|iPhoneSimulator.Deploy.0 = Debug|Any CPU
		{F27D47DE-7B52-4470-8D32-A484450607F1}.Release|Any CPU.ActiveCfg = Release|Any CPU
		{F27D47DE-7B52-4470-8D32-A484450607F1}.Release|Any CPU.Build.0 = Release|Any CPU
		{F27D47DE-7B52-4470-8D32-A484450607F1}.Release|Any CPU.Deploy.0 = Release|Any CPU
		{F27D47DE-7B52-4470-8D32-A484450607F1}.Release|iPhone.ActiveCfg = Release|Any CPU
		{F27D47DE-7B52-4470-8D32-A484450607F1}.Release|iPhone.Build.0 = Release|Any CPU
		{F27D47DE-7B52-4470-8D32-A484450607F1}.Release|iPhone.Deploy.0 = Release|Any CPU
		{F27D47DE-7B52-4470-8D32-A484450607F1}.Release|iPhoneSimulator.ActiveCfg = Release|Any CPU
		{F27D47DE-7B52-4470-8D32-A484450607F1}.Release|iPhoneSimulator.Build.0 = Release|Any CPU
		{F27D47DE-7B52-4470-8D32-A484450607F1}.Release|iPhoneSimulator.Deploy.0 = Release|Any CPU
		{BE8D9BD7-48D4-49CE-B48D-E53FBD72F23F}.Debug|Any CPU.ActiveCfg = Debug|Any CPU
		{BE8D9BD7-48D4-49CE-B48D-E53FBD72F23F}.Debug|Any CPU.Build.0 = Debug|Any CPU
		{BE8D9BD7-48D4-49CE-B48D-E53FBD72F23F}.Debug|Any CPU.Deploy.0 = Debug|Any CPU
		{BE8D9BD7-48D4-49CE-B48D-E53FBD72F23F}.Debug|iPhone.ActiveCfg = Debug|Any CPU
		{BE8D9BD7-48D4-49CE-B48D-E53FBD72F23F}.Debug|iPhone.Build.0 = Debug|Any CPU
		{BE8D9BD7-48D4-49CE-B48D-E53FBD72F23F}.Debug|iPhone.Deploy.0 = Debug|Any CPU
		{BE8D9BD7-48D4-49CE-B48D-E53FBD72F23F}.Debug|iPhoneSimulator.ActiveCfg = Debug|Any CPU
		{BE8D9BD7-48D4-49CE-B48D-E53FBD72F23F}.Debug|iPhoneSimulator.Build.0 = Debug|Any CPU
		{BE8D9BD7-48D4-49CE-B48D-E53FBD72F23F}.Debug|iPhoneSimulator.Deploy.0 = Debug|Any CPU
		{BE8D9BD7-48D4-49CE-B48D-E53FBD72F23F}.Release|Any CPU.ActiveCfg = Release|Any CPU
		{BE8D9BD7-48D4-49CE-B48D-E53FBD72F23F}.Release|Any CPU.Build.0 = Release|Any CPU
		{BE8D9BD7-48D4-49CE-B48D-E53FBD72F23F}.Release|Any CPU.Deploy.0 = Release|Any CPU
		{BE8D9BD7-48D4-49CE-B48D-E53FBD72F23F}.Release|iPhone.ActiveCfg = Release|Any CPU
		{BE8D9BD7-48D4-49CE-B48D-E53FBD72F23F}.Release|iPhone.Build.0 = Release|Any CPU
		{BE8D9BD7-48D4-49CE-B48D-E53FBD72F23F}.Release|iPhone.Deploy.0 = Release|Any CPU
		{BE8D9BD7-48D4-49CE-B48D-E53FBD72F23F}.Release|iPhoneSimulator.ActiveCfg = Release|Any CPU
		{BE8D9BD7-48D4-49CE-B48D-E53FBD72F23F}.Release|iPhoneSimulator.Build.0 = Release|Any CPU
		{BE8D9BD7-48D4-49CE-B48D-E53FBD72F23F}.Release|iPhoneSimulator.Deploy.0 = Release|Any CPU
	EndGlobalSection
	GlobalSection(SolutionProperties) = preSolution
		HideSolutionNode = FALSE
	EndGlobalSection
	GlobalSection(ExtensibilityGlobals) = postSolution
		SolutionGuid = {6113CA1D-6314-4C2B-888A-DBF4D2CE9900}
	EndGlobalSection
EndGlobal
